# This file is automatically @generated by Cargo.
# It is not intended for manual editing.
version = 4

[[package]]
name = "_01_guessing_game"
version = "0.1.0"

[[package]]
name = "_02_variables"
version = "0.1.0"

[[package]]
name = "_05_structs"
version = "0.1.0"

[[package]]
name = "_06_enums"
version = "0.1.0"

[[package]]
name = "_07_crates"
version = "0.1.0"

[[package]]
name = "_08_collections"
version = "0.1.0"

[[package]]
name = "_09_error_handling"
version = "0.1.0"

[[package]]
name = "_10_generics_traits_lifetimes"
version = "0.1.0"

[[package]]
name = "_11_automated_tests"
version = "0.1.0"

[[package]]
name = "_12_minigrep"
version = "0.1.0"

[[package]]
name = "_13_iterators_closures"
version = "0.1.0"
dependencies = [
 "num-traits",
]

[[package]]
name = "_14_cargo"
version = "0.1.0"
dependencies = [
 "_14_cargo_add_one",
]

[[package]]
name = "_14_cargo_add_one"
version = "0.1.0"

[[package]]
name = "_15_smart_pointers"
version = "0.1.0"

[[package]]
name = "_16_concurrency"
version = "0.1.0"

[[package]]
name = "_17_oop"
version = "0.1.0"

[[package]]
name = "_18_patterns_and_matching"
version = "0.1.0"

[[package]]
name = "autocfg"
version = "1.5.0"
source = "registry+https://github.com/rust-lang/crates.io-index"
checksum = "c08606f8c3cbf4ce6ec8e28fb0014a2c086708fe954eaa885384a6165172e7e8"

[[package]]
name = "fibonacci"
version = "0.1.0"

[[package]]
name = "num-traits"
version = "0.2.19"
source = "registry+https://github.com/rust-lang/crates.io-index"
checksum = "071dfc062690e90b734c0b2273ce72ad0ffa95f0c74596bc250dcfd960262841"
dependencies = [
 "autocfg",
]

[[package]]
name = "sorted_vec"
version = "0.1.0"
