# This file is automatically @generated by Cargo.
# It is not intended for manual editing.
version = 4

[[package]]
name = "_001_guessing_game"
version = "0.1.0"

[[package]]
name = "_002_variables"
version = "0.1.0"

[[package]]
name = "_005_structs"
version = "0.1.0"

[[package]]
name = "_006_enums"
version = "0.1.0"

[[package]]
name = "_007_crates"
version = "0.1.0"

[[package]]
name = "_008_collections"
version = "0.1.0"

[[package]]
name = "_009_error_handling"
version = "0.1.0"

[[package]]
name = "_010_generics_traits_lifetimes"
version = "0.1.0"

[[package]]
name = "_011_automated_tests"
version = "0.1.0"

[[package]]
name = "_012_minigrep"
version = "0.1.0"

[[package]]
name = "_013_iterators_closures"
version = "0.1.0"
dependencies = [
 "num-traits",
]

[[package]]
name = "_014_cargo"
version = "0.1.0"
dependencies = [
 "_014_cargo_add_one",
]

[[package]]
name = "_014_cargo_add_one"
version = "0.1.0"

[[package]]
name = "autocfg"
version = "1.5.0"
source = "registry+https://github.com/rust-lang/crates.io-index"
checksum = "c08606f8c3cbf4ce6ec8e28fb0014a2c086708fe954eaa885384a6165172e7e8"

[[package]]
name = "fibonacci"
version = "0.1.0"

[[package]]
name = "num-traits"
version = "0.2.19"
source = "registry+https://github.com/rust-lang/crates.io-index"
checksum = "071dfc062690e90b734c0b2273ce72ad0ffa95f0c74596bc250dcfd960262841"
dependencies = [
 "autocfg",
]

[[package]]
name = "sorted_vec"
version = "0.1.0"
